
Microsoft Visual Studio Solution File, Format Version 12.00
# Visual Studio Version 16
VisualStudioVersion = 16.0.30611.23
MinimumVisualStudioVersion = 10.0.40219.1
Project("{FAE04EC0-301F-11D3-BF4B-00C04F79EFBC}") = "ExemploHeranca", "ExemploHeranca\ExemploHeranca.csproj", "{DBC60674-EE8E-46A6-AB39-C4E8A50BFBDB}"
EndProject
Global
	GlobalSection(SolutionConfigurationPlatforms) = preSolution
		Debug|Any CPU = Debug|Any CPU
		Release|Any CPU = Release|Any CPU
	EndGlobalSection
	GlobalSection(ProjectConfigurationPlatforms) = postSolution
		{DBC60674-EE8E-46A6-AB39-C4E8A50BFBDB}.Debug|Any CPU.ActiveCfg = Debug|Any CPU
		{DBC60674-EE8E-46A6-AB39-C4E8A50BFBDB}.Debug|Any CPU.Build.0 = Debug|Any CPU
		{DBC60674-EE8E-46A6-AB39-C4E8A50BFBDB}.Release|Any CPU.ActiveCfg = Release|Any CPU
		{DBC60674-EE8E-46A6-AB39-C4E8A50BFBDB}.Release|Any CPU.Build.0 = Release|Any CPU
	EndGlobalSection
	GlobalSection(SolutionProperties) = preSolution
		HideSolutionNode = FALSE
	EndGlobalSection
	GlobalSection(ExtensibilityGlobals) = postSolution
		SolutionGuid = {FB63A1A7-F84A-401D-8F47-9F363922AECE}
	EndGlobalSection
EndGlobal
