
Microsoft Visual Studio Solution File, Format Version 12.00
# Visual Studio Version 16
VisualStudioVersion = 16.0.30711.63
MinimumVisualStudioVersion = 10.0.40219.1
Project("{FAE04EC0-301F-11D3-BF4B-00C04F79EFBC}") = "MetodosGenericos", "MetodosGenericos\MetodosGenericos.csproj", "{7B2CE9FC-D93D-45B5-9DE5-D3558A6ABF55}"
EndProject
Project("{FAE04EC0-301F-11D3-BF4B-00C04F79EFBC}") = "MetodosGenericosIComparable", "MetodosGenericosIComparable\MetodosGenericosIComparable.csproj", "{93E7A9C2-1993-4C14-80EA-349090567327}"
EndProject
Global
	GlobalSection(SolutionConfigurationPlatforms) = preSolution
		Debug|Any CPU = Debug|Any CPU
		Release|Any CPU = Release|Any CPU
	EndGlobalSection
	GlobalSection(ProjectConfigurationPlatforms) = postSolution
		{7B2CE9FC-D93D-45B5-9DE5-D3558A6ABF55}.Debug|Any CPU.ActiveCfg = Debug|Any CPU
		{7B2CE9FC-D93D-45B5-9DE5-D3558A6ABF55}.Debug|Any CPU.Build.0 = Debug|Any CPU
		{7B2CE9FC-D93D-45B5-9DE5-D3558A6ABF55}.Release|Any CPU.ActiveCfg = Release|Any CPU
		{7B2CE9FC-D93D-45B5-9DE5-D3558A6ABF55}.Release|Any CPU.Build.0 = Release|Any CPU
		{93E7A9C2-1993-4C14-80EA-349090567327}.Debug|Any CPU.ActiveCfg = Debug|Any CPU
		{93E7A9C2-1993-4C14-80EA-349090567327}.Debug|Any CPU.Build.0 = Debug|Any CPU
		{93E7A9C2-1993-4C14-80EA-349090567327}.Release|Any CPU.ActiveCfg = Release|Any CPU
		{93E7A9C2-1993-4C14-80EA-349090567327}.Release|Any CPU.Build.0 = Release|Any CPU
	EndGlobalSection
	GlobalSection(SolutionProperties) = preSolution
		HideSolutionNode = FALSE
	EndGlobalSection
	GlobalSection(ExtensibilityGlobals) = postSolution
		SolutionGuid = {FABBE9F2-A910-4F4C-9A4E-E58DB56EE523}
	EndGlobalSection
EndGlobal
